
Microsoft Visual Studio Solution File, Format Version 12.00
# Visual Studio Version 16
VisualStudioVersion = 16.0.30621.155
MinimumVisualStudioVersion = 10.0.40219.1
Project("{2150E333-8FDC-42A3-9474-1A3956D46DE8}") = "src", "src", "{E61629EA-763B-4F29-94C6-F1F47E6DE843}"
EndProject
Project("{2150E333-8FDC-42A3-9474-1A3956D46DE8}") = "test", "test", "{201AE096-25DD-47B5-81D0-1384E609A775}"
EndProject
Project("{2150E333-8FDC-42A3-9474-1A3956D46DE8}") = "User", "User", "{00879B98-11C0-4B2D-9481-DB28225925A7}"
EndProject
Project("{2150E333-8FDC-42A3-9474-1A3956D46DE8}") = "Message", "Message", "{0335E4DA-DA91-4E52-AE5E-938B7B47F99B}"
EndProject
Project("{FAE04EC0-301F-11D3-BF4B-00C04F79EFBC}") = "User.API", "src\User\User.API\User.API.csproj", "{001D1059-C93C-4A11-B010-2948621046DD}"
EndProject
Project("{FAE04EC0-301F-11D3-BF4B-00C04F79EFBC}") = "User.Infrastructer", "src\User\User.Infrastructer\User.Infrastructer.csproj", "{2C88B49C-7423-47DC-8C02-E2B2C100DEFB}"
EndProject
Project("{FAE04EC0-301F-11D3-BF4B-00C04F79EFBC}") = "User.Core", "src\User\User.Core\User.Core.csproj", "{D24FF528-EF3B-4ACB-8267-AF5498549FF4}"
EndProject
Project("{FAE04EC0-301F-11D3-BF4B-00C04F79EFBC}") = "User.Application", "src\User\User.Application\User.Application.csproj", "{E9453E8B-BBDD-4D16-8DCB-12F9D2796C51}"
EndProject
Project("{FAE04EC0-301F-11D3-BF4B-00C04F79EFBC}") = "Message.API", "src\Message\Message.API\Message.API.csproj", "{D6B0767D-9F7F-4B71-A990-60A6CBA0B856}"
EndProject
Project("{FAE04EC0-301F-11D3-BF4B-00C04F79EFBC}") = "Message.Application", "src\Message\Message.Application\Message.Application.csproj", "{7CA7604D-9358-4237-9D79-BC29FBB6F081}"
EndProject
Project("{FAE04EC0-301F-11D3-BF4B-00C04F79EFBC}") = "Message.Core", "src\Message\Message.Core\Message.Core.csproj", "{EDD55E46-94AE-47C9-8B91-D4740C819CD9}"
EndProject
Project("{FAE04EC0-301F-11D3-BF4B-00C04F79EFBC}") = "Message.Infrastructure", "src\Message\Message.Infrastructure\Message.Infrastructure.csproj", "{AEB84D81-D159-4AFA-B931-887D5728BD5E}"
EndProject
Project("{2150E333-8FDC-42A3-9474-1A3956D46DE8}") = "Message", "Message", "{9EC889D1-C162-4C63-8CE6-4630D353C712}"
EndProject
Project("{2150E333-8FDC-42A3-9474-1A3956D46DE8}") = "User", "User", "{541BB1B0-6CAC-4CC0-BDF2-7FFDE0F58C28}"
EndProject
Project("{FAE04EC0-301F-11D3-BF4B-00C04F79EFBC}") = "Message.Application.Tests", "test\Message\Message.Application.Tests\Message.Application.Tests.csproj", "{339E339C-0AA6-4CA2-BBA4-88FEFD6A3F73}"
EndProject
Project("{FAE04EC0-301F-11D3-BF4B-00C04F79EFBC}") = "User.Application.Tests", "test\User\User.Application.Tests\User.Application.Tests.csproj", "{42EF4879-A15D-4B38-AAD4-B76E11B1DE25}"
EndProject
Global
	GlobalSection(SolutionConfigurationPlatforms) = preSolution
		Debug|Any CPU = Debug|Any CPU
		Release|Any CPU = Release|Any CPU
	EndGlobalSection
	GlobalSection(ProjectConfigurationPlatforms) = postSolution
		{001D1059-C93C-4A11-B010-2948621046DD}.Debug|Any CPU.ActiveCfg = Debug|Any CPU
		{001D1059-C93C-4A11-B010-2948621046DD}.Debug|Any CPU.Build.0 = Debug|Any CPU
		{001D1059-C93C-4A11-B010-2948621046DD}.Release|Any CPU.ActiveCfg = Release|Any CPU
		{001D1059-C93C-4A11-B010-2948621046DD}.Release|Any CPU.Build.0 = Release|Any CPU
		{2C88B49C-7423-47DC-8C02-E2B2C100DEFB}.Debug|Any CPU.ActiveCfg = Debug|Any CPU
		{2C88B49C-7423-47DC-8C02-E2B2C100DEFB}.Debug|Any CPU.Build.0 = Debug|Any CPU
		{2C88B49C-7423-47DC-8C02-E2B2C100DEFB}.Release|Any CPU.ActiveCfg = Release|Any CPU
		{2C88B49C-7423-47DC-8C02-E2B2C100DEFB}.Release|Any CPU.Build.0 = Release|Any CPU
		{D24FF528-EF3B-4ACB-8267-AF5498549FF4}.Debug|Any CPU.ActiveCfg = Debug|Any CPU
		{D24FF528-EF3B-4ACB-8267-AF5498549FF4}.Debug|Any CPU.Build.0 = Debug|Any CPU
		{D24FF528-EF3B-4ACB-8267-AF5498549FF4}.Release|Any CPU.ActiveCfg = Release|Any CPU
		{D24FF528-EF3B-4ACB-8267-AF5498549FF4}.Release|Any CPU.Build.0 = Release|Any CPU
		{E9453E8B-BBDD-4D16-8DCB-12F9D2796C51}.Debug|Any CPU.ActiveCfg = Debug|Any CPU
		{E9453E8B-BBDD-4D16-8DCB-12F9D2796C51}.Debug|Any CPU.Build.0 = Debug|Any CPU
		{E9453E8B-BBDD-4D16-8DCB-12F9D2796C51}.Release|Any CPU.ActiveCfg = Release|Any CPU
		{E9453E8B-BBDD-4D16-8DCB-12F9D2796C51}.Release|Any CPU.Build.0 = Release|Any CPU
		{D6B0767D-9F7F-4B71-A990-60A6CBA0B856}.Debug|Any CPU.ActiveCfg = Debug|Any CPU
		{D6B0767D-9F7F-4B71-A990-60A6CBA0B856}.Debug|Any CPU.Build.0 = Debug|Any CPU
		{D6B0767D-9F7F-4B71-A990-60A6CBA0B856}.Release|Any CPU.ActiveCfg = Release|Any CPU
		{D6B0767D-9F7F-4B71-A990-60A6CBA0B856}.Release|Any CPU.Build.0 = Release|Any CPU
		{7CA7604D-9358-4237-9D79-BC29FBB6F081}.Debug|Any CPU.ActiveCfg = Debug|Any CPU
		{7CA7604D-9358-4237-9D79-BC29FBB6F081}.Debug|Any CPU.Build.0 = Debug|Any CPU
		{7CA7604D-9358-4237-9D79-BC29FBB6F081}.Release|Any CPU.ActiveCfg = Release|Any CPU
		{7CA7604D-9358-4237-9D79-BC29FBB6F081}.Release|Any CPU.Build.0 = Release|Any CPU
		{EDD55E46-94AE-47C9-8B91-D4740C819CD9}.Debug|Any CPU.ActiveCfg = Debug|Any CPU
		{EDD55E46-94AE-47C9-8B91-D4740C819CD9}.Debug|Any CPU.Build.0 = Debug|Any CPU
		{EDD55E46-94AE-47C9-8B91-D4740C819CD9}.Release|Any CPU.ActiveCfg = Release|Any CPU
		{EDD55E46-94AE-47C9-8B91-D4740C819CD9}.Release|Any CPU.Build.0 = Release|Any CPU
		{AEB84D81-D159-4AFA-B931-887D5728BD5E}.Debug|Any CPU.ActiveCfg = Debug|Any CPU
		{AEB84D81-D159-4AFA-B931-887D5728BD5E}.Debug|Any CPU.Build.0 = Debug|Any CPU
		{AEB84D81-D159-4AFA-B931-887D5728BD5E}.Release|Any CPU.ActiveCfg = Release|Any CPU
		{AEB84D81-D159-4AFA-B931-887D5728BD5E}.Release|Any CPU.Build.0 = Release|Any CPU
		{339E339C-0AA6-4CA2-BBA4-88FEFD6A3F73}.Debug|Any CPU.ActiveCfg = Debug|Any CPU
		{339E339C-0AA6-4CA2-BBA4-88FEFD6A3F73}.Debug|Any CPU.Build.0 = Debug|Any CPU
		{339E339C-0AA6-4CA2-BBA4-88FEFD6A3F73}.Release|Any CPU.ActiveCfg = Release|Any CPU
		{339E339C-0AA6-4CA2-BBA4-88FEFD6A3F73}.Release|Any CPU.Build.0 = Release|Any CPU
		{42EF4879-A15D-4B38-AAD4-B76E11B1DE25}.Debug|Any CPU.ActiveCfg = Debug|Any CPU
		{42EF4879-A15D-4B38-AAD4-B76E11B1DE25}.Debug|Any CPU.Build.0 = Debug|Any CPU
		{42EF4879-A15D-4B38-AAD4-B76E11B1DE25}.Release|Any CPU.ActiveCfg = Release|Any CPU
		{42EF4879-A15D-4B38-AAD4-B76E11B1DE25}.Release|Any CPU.Build.0 = Release|Any CPU
	EndGlobalSection
	GlobalSection(SolutionProperties) = preSolution
		HideSolutionNode = FALSE
	EndGlobalSection
	GlobalSection(NestedProjects) = preSolution
		{00879B98-11C0-4B2D-9481-DB28225925A7} = {E61629EA-763B-4F29-94C6-F1F47E6DE843}
		{0335E4DA-DA91-4E52-AE5E-938B7B47F99B} = {E61629EA-763B-4F29-94C6-F1F47E6DE843}
		{001D1059-C93C-4A11-B010-2948621046DD} = {00879B98-11C0-4B2D-9481-DB28225925A7}
		{2C88B49C-7423-47DC-8C02-E2B2C100DEFB} = {00879B98-11C0-4B2D-9481-DB28225925A7}
		{D24FF528-EF3B-4ACB-8267-AF5498549FF4} = {00879B98-11C0-4B2D-9481-DB28225925A7}
		{E9453E8B-BBDD-4D16-8DCB-12F9D2796C51} = {00879B98-11C0-4B2D-9481-DB28225925A7}
		{D6B0767D-9F7F-4B71-A990-60A6CBA0B856} = {0335E4DA-DA91-4E52-AE5E-938B7B47F99B}
		{7CA7604D-9358-4237-9D79-BC29FBB6F081} = {0335E4DA-DA91-4E52-AE5E-938B7B47F99B}
		{EDD55E46-94AE-47C9-8B91-D4740C819CD9} = {0335E4DA-DA91-4E52-AE5E-938B7B47F99B}
		{AEB84D81-D159-4AFA-B931-887D5728BD5E} = {0335E4DA-DA91-4E52-AE5E-938B7B47F99B}
		{9EC889D1-C162-4C63-8CE6-4630D353C712} = {201AE096-25DD-47B5-81D0-1384E609A775}
		{541BB1B0-6CAC-4CC0-BDF2-7FFDE0F58C28} = {201AE096-25DD-47B5-81D0-1384E609A775}
		{339E339C-0AA6-4CA2-BBA4-88FEFD6A3F73} = {9EC889D1-C162-4C63-8CE6-4630D353C712}
		{42EF4879-A15D-4B38-AAD4-B76E11B1DE25} = {541BB1B0-6CAC-4CC0-BDF2-7FFDE0F58C28}
	EndGlobalSection
	GlobalSection(ExtensibilityGlobals) = postSolution
		SolutionGuid = {6682ED7B-0037-4416-8B94-2A4CED471B81}
	EndGlobalSection
EndGlobal
